# This file is automatically @generated by Cargo.
# It is not intended for manual editing.
version = 4

[[package]]
name = "rvsim-computer"
version = "0.1.0"
dependencies = [
 "rvsim-cpu",
 "rvsim-devices",
 "rvsim-isa",
 "rvsim-system",
]

[[package]]
name = "rvsim-cpu"
version = "0.1.0"
dependencies = [
 "rvsim-devices",
 "rvsim-isa",
 "rvsim-system",
]

[[package]]
name = "rvsim-devices"
version = "0.1.0"
dependencies = [
 "rvsim-system",
]

[[package]]
name = "rvsim-isa"
version = "0.1.0"

[[package]]
name = "rvsim-system"
version = "0.1.0"
